
Microsoft Visual Studio Solution File, Format Version 12.00
# Visual Studio Version 16
VisualStudioVersion = 16.0.31025.194
MinimumVisualStudioVersion = 10.0.40219.1
Project("{FAE04EC0-301F-11D3-BF4B-00C04F79EFBC}") = "ServiceBusMessagingDemo", "ServiceBusMessagingDemo\ServiceBusMessagingDemo.csproj", "{914D3517-879E-4EBF-AA3D-617C03BB17B7}"
EndProject
Project("{FAE04EC0-301F-11D3-BF4B-00C04F79EFBC}") = "MessageReceiver", "MessageReceiver\MessageReceiver.csproj", "{34DCEBDB-AB5F-448A-B16A-2B95BA526845}"
EndProject
Project("{FAE04EC0-301F-11D3-BF4B-00C04F79EFBC}") = "ServiceBus.Model", "ServiceBus.Model\ServiceBus.Model.csproj", "{F4BD1180-8CF9-42E5-AD8E-3DF794811A60}"
EndProject
Global
	GlobalSection(SolutionConfigurationPlatforms) = preSolution
		Debug|Any CPU = Debug|Any CPU
		Release|Any CPU = Release|Any CPU
	EndGlobalSection
	GlobalSection(ProjectConfigurationPlatforms) = postSolution
		{914D3517-879E-4EBF-AA3D-617C03BB17B7}.Debug|Any CPU.ActiveCfg = Debug|Any CPU
		{914D3517-879E-4EBF-AA3D-617C03BB17B7}.Debug|Any CPU.Build.0 = Debug|Any CPU
		{914D3517-879E-4EBF-AA3D-617C03BB17B7}.Release|Any CPU.ActiveCfg = Release|Any CPU
		{914D3517-879E-4EBF-AA3D-617C03BB17B7}.Release|Any CPU.Build.0 = Release|Any CPU
		{34DCEBDB-AB5F-448A-B16A-2B95BA526845}.Debug|Any CPU.ActiveCfg = Debug|Any CPU
		{34DCEBDB-AB5F-448A-B16A-2B95BA526845}.Debug|Any CPU.Build.0 = Debug|Any CPU
		{34DCEBDB-AB5F-448A-B16A-2B95BA526845}.Release|Any CPU.ActiveCfg = Release|Any CPU
		{34DCEBDB-AB5F-448A-B16A-2B95BA526845}.Release|Any CPU.Build.0 = Release|Any CPU
		{F4BD1180-8CF9-42E5-AD8E-3DF794811A60}.Debug|Any CPU.ActiveCfg = Debug|Any CPU
		{F4BD1180-8CF9-42E5-AD8E-3DF794811A60}.Debug|Any CPU.Build.0 = Debug|Any CPU
		{F4BD1180-8CF9-42E5-AD8E-3DF794811A60}.Release|Any CPU.ActiveCfg = Release|Any CPU
		{F4BD1180-8CF9-42E5-AD8E-3DF794811A60}.Release|Any CPU.Build.0 = Release|Any CPU
	EndGlobalSection
	GlobalSection(SolutionProperties) = preSolution
		HideSolutionNode = FALSE
	EndGlobalSection
	GlobalSection(ExtensibilityGlobals) = postSolution
		SolutionGuid = {5BE67D61-9404-42DE-8275-F28D1115465F}
	EndGlobalSection
EndGlobal
